
Microsoft Visual Studio Solution File, Format Version 12.00
# Visual Studio Version 17
VisualStudioVersion = 17.9.34714.143
MinimumVisualStudioVersion = 10.0.40219.1
Project("{9A19103F-16F7-4668-BE54-9A1E7A4F7556}") = "MinimalApiLoggingApp", "MinimalApiLoggingApp.csproj", "{D111B25F-3F0A-4E40-B6DB-7863C2D92DD5}"
EndProject
Global
	GlobalSection(SolutionConfigurationPlatforms) = preSolution
		Debug|Any CPU = Debug|Any CPU
		Release|Any CPU = Release|Any CPU
	EndGlobalSection
	GlobalSection(ProjectConfigurationPlatforms) = postSolution
		{D111B25F-3F0A-4E40-B6DB-7863C2D92DD5}.Debug|Any CPU.ActiveCfg = Debug|Any CPU
		{D111B25F-3F0A-4E40-B6DB-7863C2D92DD5}.Debug|Any CPU.Build.0 = Debug|Any CPU
		{D111B25F-3F0A-4E40-B6DB-7863C2D92DD5}.Release|Any CPU.ActiveCfg = Release|Any CPU
		{D111B25F-3F0A-4E40-B6DB-7863C2D92DD5}.Release|Any CPU.Build.0 = Release|Any CPU
	EndGlobalSection
	GlobalSection(SolutionProperties) = preSolution
		HideSolutionNode = FALSE
	EndGlobalSection
	GlobalSection(ExtensibilityGlobals) = postSolution
		SolutionGuid = {B910FF68-328D-4A36-B6E3-507BD42C2BE5}
	EndGlobalSection
EndGlobal
